# generated by rye
# use `rye lock` or `rye sync` to update this lockfile
#
# last locked with the following flags:
#   pre: false
#   features: []
#   all-features: false
#   with-sources: false
#   generate-hashes: false
#   universal: false

-e file:.
aiohappyeyeballs==2.4.0
    # via aiohttp
aiohttp==3.10.5
    # via fsspec
aiosignal==1.3.1
    # via aiohttp
async-timeout==4.0.3
    # via aiohttp
attrs==24.2.0
    # via aiohttp
certifi==2024.8.30
    # via requests
    # via sentry-sdk
charset-normalizer==3.3.2
    # via requests
click==8.1.7
    # via astrochem-embedding
    # via wandb
docker-pycreds==0.4.0
    # via wandb
filelock==3.15.4
    # via torch
frozenlist==1.4.1
    # via aiohttp
    # via aiosignal
fsspec==2024.9.0
    # via pytorch-lightning
    # via torch
gitdb==4.0.11
    # via gitpython
gitpython==3.1.43
    # via wandb
idna==3.8
    # via requests
    # via yarl
jinja2==3.1.4
    # via torch
joblib==1.4.2
    # via scikit-learn
lightning-utilities==0.11.7
    # via pytorch-lightning
    # via torchmetrics
markupsafe==2.1.5
    # via jinja2
mpmath==1.3.0
    # via sympy
multidict==6.0.5
    # via aiohttp
    # via yarl
networkx==3.1
    # via torch
numpy==1.24.4
    # via pandas
    # via rdkit-pypi
    # via scikit-learn
    # via scipy
    # via torchmetrics
packaging==24.1
    # via lightning-utilities
    # via pytorch-lightning
    # via torchmetrics
palettable==3.3.3
    # via astrochem-embedding
pandas==2.0.3
    # via astrochem-embedding
pillow==10.4.0
    # via rdkit-pypi
platformdirs==4.2.2
    # via wandb
protobuf==5.28.0
    # via wandb
psutil==6.0.0
    # via wandb
python-dateutil==2.9.0.post0
    # via pandas
pytorch-lightning==2.4.0
    # via astrochem-embedding
pytz==2024.1
    # via pandas
pyyaml==6.0.2
    # via pytorch-lightning
    # via wandb
rdkit-pypi==2022.9.5
    # via astrochem-embedding
requests==2.32.3
    # via wandb
ruamel-yaml==0.18.6
    # via astrochem-embedding
ruamel-yaml-clib==0.2.8
    # via ruamel-yaml
scikit-learn==1.3.2
    # via astrochem-embedding
scipy==1.10.1
    # via scikit-learn
selfies==2.1.2
    # via astrochem-embedding
sentry-sdk==2.13.0
    # via wandb
setproctitle==1.3.3
    # via wandb
setuptools==74.1.1
    # via lightning-utilities
    # via wandb
six==1.16.0
    # via docker-pycreds
    # via python-dateutil
smmap==5.0.1
    # via gitdb
sympy==1.13.2
    # via torch
threadpoolctl==3.5.0
    # via scikit-learn
torch==2.4.0
    # via astrochem-embedding
    # via pytorch-lightning
    # via torchmetrics
torchinfo==1.8.0
    # via astrochem-embedding
torchmetrics==1.4.1
    # via pytorch-lightning
tqdm==4.66.5
    # via pytorch-lightning
typing-extensions==4.12.2
    # via lightning-utilities
    # via pytorch-lightning
    # via torch
    # via torchmetrics
    # via wandb
tzdata==2024.1
    # via pandas
urllib3==2.2.2
    # via requests
    # via sentry-sdk
wandb==0.17.8
    # via astrochem-embedding
yarl==1.9.8
    # via aiohttp
